
Microsoft Visual Studio Solution File, Format Version 12.00
# Visual Studio Version 17
VisualStudioVersion = 17.1.32319.34
MinimumVisualStudioVersion = 10.0.40219.1
Project("{9A19103F-16F7-4668-BE54-9A1E7A4F7556}") = "Sitecore.Tag.Browser", "Sitecore.Tag.Browser.csproj", "{73F709FF-803F-46C8-A513-CF57AEDC6CDE}"
EndProject
Global
	GlobalSection(SolutionConfigurationPlatforms) = preSolution
		Debug|Any CPU = Debug|Any CPU
		Release|Any CPU = Release|Any CPU
	EndGlobalSection
	GlobalSection(ProjectConfigurationPlatforms) = postSolution
		{73F709FF-803F-46C8-A513-CF57AEDC6CDE}.Debug|Any CPU.ActiveCfg = Debug|Any CPU
		{73F709FF-803F-46C8-A513-CF57AEDC6CDE}.Debug|Any CPU.Build.0 = Debug|Any CPU
		{73F709FF-803F-46C8-A513-CF57AEDC6CDE}.Release|Any CPU.ActiveCfg = Release|Any CPU
		{73F709FF-803F-46C8-A513-CF57AEDC6CDE}.Release|Any CPU.Build.0 = Release|Any CPU
	EndGlobalSection
	GlobalSection(SolutionProperties) = preSolution
		HideSolutionNode = FALSE
	EndGlobalSection
	GlobalSection(ExtensibilityGlobals) = postSolution
		SolutionGuid = {139AAF67-99CB-4714-83DF-DBB915482249}
	EndGlobalSection
EndGlobal
